
Microsoft Visual Studio Solution File, Format Version 12.00
# Visual Studio Version 17
VisualStudioVersion = 17.9.34701.34
MinimumVisualStudioVersion = 10.0.40219.1
Project("{FAE04EC0-301F-11D3-BF4B-00C04F79EFBC}") = "pxSolidWorksStuecklistenImport", "pxSolidWorksStuecklistenImport\pxSolidWorksStuecklistenImport.csproj", "{6681BD72-8BD0-4DF1-B803-C50C388E8523}"
EndProject
Global
	GlobalSection(SolutionConfigurationPlatforms) = preSolution
		Debug|Any CPU = Debug|Any CPU
		Release|Any CPU = Release|Any CPU
	EndGlobalSection
	GlobalSection(ProjectConfigurationPlatforms) = postSolution
		{6681BD72-8BD0-4DF1-B803-C50C388E8523}.Debug|Any CPU.ActiveCfg = Debug|Any CPU
		{6681BD72-8BD0-4DF1-B803-C50C388E8523}.Debug|Any CPU.Build.0 = Debug|Any CPU
		{6681BD72-8BD0-4DF1-B803-C50C388E8523}.Release|Any CPU.ActiveCfg = Release|Any CPU
		{6681BD72-8BD0-4DF1-B803-C50C388E8523}.Release|Any CPU.Build.0 = Release|Any CPU
	EndGlobalSection
	GlobalSection(SolutionProperties) = preSolution
		HideSolutionNode = FALSE
	EndGlobalSection
	GlobalSection(ExtensibilityGlobals) = postSolution
		SolutionGuid = {260A33B9-3749-4E62-B897-482C5348F9AF}
	EndGlobalSection
EndGlobal
